
Microsoft Visual Studio Solution File, Format Version 12.00
Project("{FAE04EC0-301F-11D3-BF4B-00C04F79EFBC}") = "Mission6_Hamilton", "Mission6_Hamilton\Mission6_Hamilton.csproj", "{CC587CA0-B6CF-489B-9C30-487B85119A0D}"
EndProject
Global
	GlobalSection(SolutionConfigurationPlatforms) = preSolution
		Debug|Any CPU = Debug|Any CPU
		Release|Any CPU = Release|Any CPU
	EndGlobalSection
	GlobalSection(ProjectConfigurationPlatforms) = postSolution
		{CC587CA0-B6CF-489B-9C30-487B85119A0D}.Debug|Any CPU.ActiveCfg = Debug|Any CPU
		{CC587CA0-B6CF-489B-9C30-487B85119A0D}.Debug|Any CPU.Build.0 = Debug|Any CPU
		{CC587CA0-B6CF-489B-9C30-487B85119A0D}.Release|Any CPU.ActiveCfg = Release|Any CPU
		{CC587CA0-B6CF-489B-9C30-487B85119A0D}.Release|Any CPU.Build.0 = Release|Any CPU
	EndGlobalSection
EndGlobal
